
Microsoft Visual Studio Solution File, Format Version 12.00
# Visual Studio Version 16
VisualStudioVersion = 16.0.31515.178
MinimumVisualStudioVersion = 10.0.40219.1
Project("{FAE04EC0-301F-11D3-BF4B-00C04F79EFBC}") = "ProjectDotNetV2", "ProjectDotNetV2.csproj", "{0A58FBFA-0A92-4F26-95F2-3DA251A74075}"
EndProject
Global
	GlobalSection(SolutionConfigurationPlatforms) = preSolution
		Debug|Any CPU = Debug|Any CPU
		Release|Any CPU = Release|Any CPU
	EndGlobalSection
	GlobalSection(ProjectConfigurationPlatforms) = postSolution
		{0A58FBFA-0A92-4F26-95F2-3DA251A74075}.Debug|Any CPU.ActiveCfg = Debug|Any CPU
		{0A58FBFA-0A92-4F26-95F2-3DA251A74075}.Debug|Any CPU.Build.0 = Debug|Any CPU
		{0A58FBFA-0A92-4F26-95F2-3DA251A74075}.Release|Any CPU.ActiveCfg = Release|Any CPU
		{0A58FBFA-0A92-4F26-95F2-3DA251A74075}.Release|Any CPU.Build.0 = Release|Any CPU
	EndGlobalSection
	GlobalSection(SolutionProperties) = preSolution
		HideSolutionNode = FALSE
	EndGlobalSection
	GlobalSection(ExtensibilityGlobals) = postSolution
		SolutionGuid = {C4BD0EF9-D5E5-4CAB-972B-2ED3F56213E9}
	EndGlobalSection
EndGlobal
